// !$*UTF8*$!
{
	archiveVersion = 1;
	classes = {
	};
	objectVersion = 46;
	objects = {

/* Begin PBXBuildFile section */
		5C04E3FE195AC070009762FF /* pipo.wav in Resources */ = {isa = PBXBuildFile; fileRef = 5C04E3FD195AC070009762FF /* pipo.wav */; };
		5C05C122195943A200C2A522 /* back.png in Resources */ = {isa = PBXBuildFile; fileRef = 5C05C11C195943A200C2A522 /* back.png */; };
		5C05C123195943A200C2A522 /* bottom.png in Resources */ = {isa = PBXBuildFile; fileRef = 5C05C11D195943A200C2A522 /* bottom.png */; };
		5C05C124195943A200C2A522 /* front.png in Resources */ = {isa = PBXBuildFile; fileRef = 5C05C11E195943A200C2A522 /* front.png */; };
		5C05C125195943A200C2A522 /* left.png in Resources */ = {isa = PBXBuildFile; fileRef = 5C05C11F195943A200C2A522 /* left.png */; };
		5C05C126195943A200C2A522 /* right.png in Resources */ = {isa = PBXBuildFile; fileRef = 5C05C120195943A200C2A522 /* right.png */; };
		5C05C127195943A200C2A522 /* top.png in Resources */ = {isa = PBXBuildFile; fileRef = 5C05C121195943A200C2A522 /* top.png */; };
		5C143DDE195FB2BE005C04C9 /* flap1.mp3 in Resources */ = {isa = PBXBuildFile; fileRef = 5C143DDD195FB2BE005C04C9 /* flap1.mp3 */; };
		5C143DE0195FB365005C04C9 /* bgm1.mp3 in Resources */ = {isa = PBXBuildFile; fileRef = 5C143DDF195FB365005C04C9 /* bgm1.mp3 */; };
		5C6CC4BA195C00DF00665EA0 /* bird.dae in Resources */ = {isa = PBXBuildFile; fileRef = 5C6CC4B9195C00DF00665EA0 /* bird.dae */; };
		5C74E233195B25CA0087DABE /* ground.png in Resources */ = {isa = PBXBuildFile; fileRef = 5C74E232195B25CA0087DABE /* ground.png */; };
		5C96F6ED195D0F1A00054593 /* LobiCore.framework in Frameworks */ = {isa = PBXBuildFile; fileRef = 5C96F6EB195D0F1A00054593 /* LobiCore.framework */; };
		5C96F6EE195D0F1A00054593 /* LobiCore.bundle in Resources */ = {isa = PBXBuildFile; fileRef = 5C96F6EC195D0F1A00054593 /* LobiCore.bundle */; };
		5C96F6F1195D100600054593 /* LobiRec.framework in Frameworks */ = {isa = PBXBuildFile; fileRef = 5C96F6EF195D100600054593 /* LobiRec.framework */; };
		5C96F6F2195D100600054593 /* LobiRec.bundle in Resources */ = {isa = PBXBuildFile; fileRef = 5C96F6F0195D100600054593 /* LobiRec.bundle */; };
		5C96F6F4195D103D00054593 /* libsqlite3.0.dylib in Frameworks */ = {isa = PBXBuildFile; fileRef = 5C96F6F3195D103D00054593 /* libsqlite3.0.dylib */; };
		5C96F6F6195D104600054593 /* QuartzCore.framework in Frameworks */ = {isa = PBXBuildFile; fileRef = 5C96F6F5195D104600054593 /* QuartzCore.framework */; };
		5C96F6F8195D104C00054593 /* CoreImage.framework in Frameworks */ = {isa = PBXBuildFile; fileRef = 5C96F6F7195D104C00054593 /* CoreImage.framework */; };
		5C96F6FA195D105300054593 /* StoreKit.framework in Frameworks */ = {isa = PBXBuildFile; fileRef = 5C96F6F9195D105300054593 /* StoreKit.framework */; };
		5C96F6FC195D105A00054593 /* AVFoundation.framework in Frameworks */ = {isa = PBXBuildFile; fileRef = 5C96F6FB195D105A00054593 /* AVFoundation.framework */; };
		5C96F6FE195D106000054593 /* Foundation.framework in Frameworks */ = {isa = PBXBuildFile; fileRef = 5C96F6FD195D106000054593 /* Foundation.framework */; };
		5C96F700195D106900054593 /* AudioToolbox.framework in Frameworks */ = {isa = PBXBuildFile; fileRef = 5C96F6FF195D106900054593 /* AudioToolbox.framework */; };
		5C96F702195D107100054593 /* AssetsLibrary.framework in Frameworks */ = {isa = PBXBuildFile; fileRef = 5C96F701195D107100054593 /* AssetsLibrary.framework */; };
		5C96F704195D107B00054593 /* UIKit.framework in Frameworks */ = {isa = PBXBuildFile; fileRef = 5C96F703195D107B00054593 /* UIKit.framework */; };
		5C96F706195D108600054593 /* OpenGLES.framework in Frameworks */ = {isa = PBXBuildFile; fileRef = 5C96F705195D108600054593 /* OpenGLES.framework */; };
		5C993C4A195653980093F73B /* AppDelegate.swift in Sources */ = {isa = PBXBuildFile; fileRef = 5C993C49195653980093F73B /* AppDelegate.swift */; };
		5C993C4C195653980093F73B /* GameViewController.swift in Sources */ = {isa = PBXBuildFile; fileRef = 5C993C4B195653980093F73B /* GameViewController.swift */; };
		5C993C4F195653980093F73B /* Main.storyboard in Resources */ = {isa = PBXBuildFile; fileRef = 5C993C4D195653980093F73B /* Main.storyboard */; };
		5C993C51195653980093F73B /* Images.xcassets in Resources */ = {isa = PBXBuildFile; fileRef = 5C993C50195653980093F73B /* Images.xcassets */; };
		5C993C5D195653990093F73B /* TappyBird3DTests.swift in Sources */ = {isa = PBXBuildFile; fileRef = 5C993C5C195653990093F73B /* TappyBird3DTests.swift */; };
		5CB9CBDB195736A100E468C9 /* PhysWorldBridge.m in Sources */ = {isa = PBXBuildFile; fileRef = 5CB9CBDA195736A100E468C9 /* PhysWorldBridge.m */; };
/* End PBXBuildFile section */

/* Begin PBXContainerItemProxy section */
		5C993C57195653990093F73B /* PBXContainerItemProxy */ = {
			isa = PBXContainerItemProxy;
			containerPortal = 5C993C3C195653980093F73B /* Project object */;
			proxyType = 1;
			remoteGlobalIDString = 5C993C43195653980093F73B;
			remoteInfo = TappyBird3D;
		};
/* End PBXContainerItemProxy section */

/* Begin PBXFileReference section */
		5C04E3FD195AC070009762FF /* pipo.wav */ = {isa = PBXFileReference; lastKnownFileType = audio.wav; path = pipo.wav; sourceTree = "<group>"; };
		5C05C11C195943A200C2A522 /* back.png */ = {isa = PBXFileReference; lastKnownFileType = image.png; name = back.png; path = images/back.png; sourceTree = "<group>"; };
		5C05C11D195943A200C2A522 /* bottom.png */ = {isa = PBXFileReference; lastKnownFileType = image.png; name = bottom.png; path = images/bottom.png; sourceTree = "<group>"; };
		5C05C11E195943A200C2A522 /* front.png */ = {isa = PBXFileReference; lastKnownFileType = image.png; name = front.png; path = images/front.png; sourceTree = "<group>"; };
		5C05C11F195943A200C2A522 /* left.png */ = {isa = PBXFileReference; lastKnownFileType = image.png; name = left.png; path = images/left.png; sourceTree = "<group>"; };
		5C05C120195943A200C2A522 /* right.png */ = {isa = PBXFileReference; lastKnownFileType = image.png; name = right.png; path = images/right.png; sourceTree = "<group>"; };
		5C05C121195943A200C2A522 /* top.png */ = {isa = PBXFileReference; lastKnownFileType = image.png; name = top.png; path = images/top.png; sourceTree = "<group>"; };
		5C143DDD195FB2BE005C04C9 /* flap1.mp3 */ = {isa = PBXFileReference; lastKnownFileType = audio.mp3; path = flap1.mp3; sourceTree = "<group>"; };
		5C143DDF195FB365005C04C9 /* bgm1.mp3 */ = {isa = PBXFileReference; lastKnownFileType = audio.mp3; path = bgm1.mp3; sourceTree = "<group>"; };
		5C6CC4B9195C00DF00665EA0 /* bird.dae */ = {isa = PBXFileReference; fileEncoding = 4; lastKnownFileType = text.xml.dae; path = bird.dae; sourceTree = "<group>"; };
		5C74E232195B25CA0087DABE /* ground.png */ = {isa = PBXFileReference; lastKnownFileType = image.png; path = ground.png; sourceTree = "<group>"; };
		5C96F6EB195D0F1A00054593 /* LobiCore.framework */ = {isa = PBXFileReference; lastKnownFileType = wrapper.framework; path = LobiCore.framework; sourceTree = "<group>"; };
		5C96F6EC195D0F1A00054593 /* LobiCore.bundle */ = {isa = PBXFileReference; lastKnownFileType = "wrapper.plug-in"; path = LobiCore.bundle; sourceTree = "<group>"; };
		5C96F6EF195D100600054593 /* LobiRec.framework */ = {isa = PBXFileReference; lastKnownFileType = wrapper.framework; path = LobiRec.framework; sourceTree = "<group>"; };
		5C96F6F0195D100600054593 /* LobiRec.bundle */ = {isa = PBXFileReference; lastKnownFileType = "wrapper.plug-in"; path = LobiRec.bundle; sourceTree = "<group>"; };
		5C96F6F3195D103D00054593 /* libsqlite3.0.dylib */ = {isa = PBXFileReference; lastKnownFileType = "compiled.mach-o.dylib"; name = libsqlite3.0.dylib; path = usr/lib/libsqlite3.0.dylib; sourceTree = SDKROOT; };
		5C96F6F5195D104600054593 /* QuartzCore.framework */ = {isa = PBXFileReference; lastKnownFileType = wrapper.framework; name = QuartzCore.framework; path = System/Library/Frameworks/QuartzCore.framework; sourceTree = SDKROOT; };
		5C96F6F7195D104C00054593 /* CoreImage.framework */ = {isa = PBXFileReference; lastKnownFileType = wrapper.framework; name = CoreImage.framework; path = System/Library/Frameworks/CoreImage.framework; sourceTree = SDKROOT; };
		5C96F6F9195D105300054593 /* StoreKit.framework */ = {isa = PBXFileReference; lastKnownFileType = wrapper.framework; name = StoreKit.framework; path = System/Library/Frameworks/StoreKit.framework; sourceTree = SDKROOT; };
		5C96F6FB195D105A00054593 /* AVFoundation.framework */ = {isa = PBXFileReference; lastKnownFileType = wrapper.framework; name = AVFoundation.framework; path = System/Library/Frameworks/AVFoundation.framework; sourceTree = SDKROOT; };
		5C96F6FD195D106000054593 /* Foundation.framework */ = {isa = PBXFileReference; lastKnownFileType = wrapper.framework; name = Foundation.framework; path = System/Library/Frameworks/Foundation.framework; sourceTree = SDKROOT; };
		5C96F6FF195D106900054593 /* AudioToolbox.framework */ = {isa = PBXFileReference; lastKnownFileType = wrapper.framework; name = AudioToolbox.framework; path = System/Library/Frameworks/AudioToolbox.framework; sourceTree = SDKROOT; };
		5C96F701195D107100054593 /* AssetsLibrary.framework */ = {isa = PBXFileReference; lastKnownFileType = wrapper.framework; name = AssetsLibrary.framework; path = System/Library/Frameworks/AssetsLibrary.framework; sourceTree = SDKROOT; };
		5C96F703195D107B00054593 /* UIKit.framework */ = {isa = PBXFileReference; lastKnownFileType = wrapper.framework; name = UIKit.framework; path = System/Library/Frameworks/UIKit.framework; sourceTree = SDKROOT; };
		5C96F705195D108600054593 /* OpenGLES.framework */ = {isa = PBXFileReference; lastKnownFileType = wrapper.framework; name = OpenGLES.framework; path = System/Library/Frameworks/OpenGLES.framework; sourceTree = SDKROOT; };
		5C993C44195653980093F73B /* TappyFreak3D.app */ = {isa = PBXFileReference; explicitFileType = wrapper.application; includeInIndex = 0; path = TappyFreak3D.app; sourceTree = BUILT_PRODUCTS_DIR; };
		5C993C48195653980093F73B /* Info.plist */ = {isa = PBXFileReference; lastKnownFileType = text.plist.xml; path = Info.plist; sourceTree = "<group>"; };
		5C993C49195653980093F73B /* AppDelegate.swift */ = {isa = PBXFileReference; lastKnownFileType = sourcecode.swift; path = AppDelegate.swift; sourceTree = "<group>"; };
		5C993C4B195653980093F73B /* GameViewController.swift */ = {isa = PBXFileReference; lastKnownFileType = sourcecode.swift; path = GameViewController.swift; sourceTree = "<group>"; };
		5C993C4E195653980093F73B /* Base */ = {isa = PBXFileReference; lastKnownFileType = file.storyboard; name = Base; path = Base.lproj/Main.storyboard; sourceTree = "<group>"; };
		5C993C50195653980093F73B /* Images.xcassets */ = {isa = PBXFileReference; lastKnownFileType = folder.assetcatalog; path = Images.xcassets; sourceTree = "<group>"; };
		5C993C56195653990093F73B /* TappyFreak3DTests.xctest */ = {isa = PBXFileReference; explicitFileType = wrapper.cfbundle; includeInIndex = 0; path = TappyFreak3DTests.xctest; sourceTree = BUILT_PRODUCTS_DIR; };
		5C993C5B195653990093F73B /* Info.plist */ = {isa = PBXFileReference; lastKnownFileType = text.plist.xml; path = Info.plist; sourceTree = "<group>"; };
		5C993C5C195653990093F73B /* TappyBird3DTests.swift */ = {isa = PBXFileReference; lastKnownFileType = sourcecode.swift; path = TappyBird3DTests.swift; sourceTree = "<group>"; };
		5CB9CBD81957360F00E468C9 /* PhysWorldBridge.h */ = {isa = PBXFileReference; fileEncoding = 4; lastKnownFileType = sourcecode.c.h; path = PhysWorldBridge.h; sourceTree = "<group>"; };
		5CB9CBD9195736A000E468C9 /* TappyBird3D-Bridging-Header.h */ = {isa = PBXFileReference; lastKnownFileType = sourcecode.c.h; path = "TappyBird3D-Bridging-Header.h"; sourceTree = "<group>"; };
		5CB9CBDA195736A100E468C9 /* PhysWorldBridge.m */ = {isa = PBXFileReference; fileEncoding = 4; lastKnownFileType = sourcecode.c.objc; path = PhysWorldBridge.m; sourceTree = "<group>"; };
/* End PBXFileReference section */

/* Begin PBXFrameworksBuildPhase section */
		5C993C41195653980093F73B /* Frameworks */ = {
			isa = PBXFrameworksBuildPhase;
			buildActionMask = 2147483647;
			files = (
				5C96F706195D108600054593 /* OpenGLES.framework in Frameworks */,
				5C96F704195D107B00054593 /* UIKit.framework in Frameworks */,
				5C96F702195D107100054593 /* AssetsLibrary.framework in Frameworks */,
				5C96F700195D106900054593 /* AudioToolbox.framework in Frameworks */,
				5C96F6FE195D106000054593 /* Foundation.framework in Frameworks */,
				5C96F6FC195D105A00054593 /* AVFoundation.framework in Frameworks */,
				5C96F6FA195D105300054593 /* StoreKit.framework in Frameworks */,
				5C96F6F8195D104C00054593 /* CoreImage.framework in Frameworks */,
				5C96F6F6195D104600054593 /* QuartzCore.framework in Frameworks */,
				5C96F6F4195D103D00054593 /* libsqlite3.0.dylib in Frameworks */,
				5C96F6ED195D0F1A00054593 /* LobiCore.framework in Frameworks */,
				5C96F6F1195D100600054593 /* LobiRec.framework in Frameworks */,
			);
			runOnlyForDeploymentPostprocessing = 0;
		};
		5C993C53195653990093F73B /* Frameworks */ = {
			isa = PBXFrameworksBuildPhase;
			buildActionMask = 2147483647;
			files = (
			);
			runOnlyForDeploymentPostprocessing = 0;
		};
/* End PBXFrameworksBuildPhase section */

/* Begin PBXGroup section */
		5C04E3FC195AC050009762FF /* sound */ = {
			isa = PBXGroup;
			children = (
				5C143DDD195FB2BE005C04C9 /* flap1.mp3 */,
				5C143DDF195FB365005C04C9 /* bgm1.mp3 */,
				5C04E3FD195AC070009762FF /* pipo.wav */,
			);
			name = sound;
			sourceTree = "<group>";
		};
		5C05C10F1959420000C2A522 /* images */ = {
			isa = PBXGroup;
			children = (
				5C74E232195B25CA0087DABE /* ground.png */,
				5C05C11C195943A200C2A522 /* back.png */,
				5C05C11D195943A200C2A522 /* bottom.png */,
				5C05C11E195943A200C2A522 /* front.png */,
				5C05C11F195943A200C2A522 /* left.png */,
				5C05C120195943A200C2A522 /* right.png */,
				5C05C121195943A200C2A522 /* top.png */,
			);
			name = images;
			sourceTree = "<group>";
		};
		5C96F6EA195D0B8500054593 /* LobiSDK */ = {
			isa = PBXGroup;
			children = (
				5C96F6EF195D100600054593 /* LobiRec.framework */,
				5C96F6F0195D100600054593 /* LobiRec.bundle */,
				5C96F6EB195D0F1A00054593 /* LobiCore.framework */,
				5C96F6EC195D0F1A00054593 /* LobiCore.bundle */,
			);
			name = LobiSDK;
			sourceTree = "<group>";
		};
		5C96F707195D108D00054593 /* Frameworks */ = {
			isa = PBXGroup;
			children = (
				5C96F705195D108600054593 /* OpenGLES.framework */,
				5C96F703195D107B00054593 /* UIKit.framework */,
				5C96F701195D107100054593 /* AssetsLibrary.framework */,
				5C96F6FF195D106900054593 /* AudioToolbox.framework */,
				5C96F6FD195D106000054593 /* Foundation.framework */,
				5C96F6FB195D105A00054593 /* AVFoundation.framework */,
				5C96F6F9195D105300054593 /* StoreKit.framework */,
				5C96F6F7195D104C00054593 /* CoreImage.framework */,
				5C96F6F5195D104600054593 /* QuartzCore.framework */,
				5C96F6F3195D103D00054593 /* libsqlite3.0.dylib */,
			);
			name = Frameworks;
			path = ..;
			sourceTree = "<group>";
		};
		5C993C3B195653980093F73B = {
			isa = PBXGroup;
			children = (
				5C993C46195653980093F73B /* TappyBird3D */,
				5C993C59195653990093F73B /* TappyBird3DTests */,
				5C993C45195653980093F73B /* Products */,
			);
			sourceTree = "<group>";
		};
		5C993C45195653980093F73B /* Products */ = {
			isa = PBXGroup;
			children = (
				5C993C44195653980093F73B /* TappyFreak3D.app */,
				5C993C56195653990093F73B /* TappyFreak3DTests.xctest */,
			);
			name = Products;
			sourceTree = "<group>";
		};
		5C993C46195653980093F73B /* TappyBird3D */ = {
			isa = PBXGroup;
			children = (
				5C96F707195D108D00054593 /* Frameworks */,
				5C96F6EA195D0B8500054593 /* LobiSDK */,
				5C9ACE3F195BB8C7009E1277 /* 3DModel */,
				5C04E3FC195AC050009762FF /* sound */,
				5CFCB0C61959B5D0002C883E /* iPad */,
				5C05C10F1959420000C2A522 /* images */,
				5C993C49195653980093F73B /* AppDelegate.swift */,
				5C993C4B195653980093F73B /* GameViewController.swift */,
				5C993C4D195653980093F73B /* Main.storyboard */,
				5C993C50195653980093F73B /* Images.xcassets */,
				5C993C47195653980093F73B /* Supporting Files */,
				5CB9CBD81957360F00E468C9 /* PhysWorldBridge.h */,
				5CB9CBDA195736A100E468C9 /* PhysWorldBridge.m */,
				5CB9CBD9195736A000E468C9 /* TappyBird3D-Bridging-Header.h */,
			);
			path = TappyBird3D;
			sourceTree = "<group>";
		};
		5C993C47195653980093F73B /* Supporting Files */ = {
			isa = PBXGroup;
			children = (
				5C993C48195653980093F73B /* Info.plist */,
			);
			name = "Supporting Files";
			sourceTree = "<group>";
		};
		5C993C59195653990093F73B /* TappyBird3DTests */ = {
			isa = PBXGroup;
			children = (
				5C993C5C195653990093F73B /* TappyBird3DTests.swift */,
				5C993C5A195653990093F73B /* Supporting Files */,
			);
			path = TappyBird3DTests;
			sourceTree = "<group>";
		};
		5C993C5A195653990093F73B /* Supporting Files */ = {
			isa = PBXGroup;
			children = (
				5C993C5B195653990093F73B /* Info.plist */,
			);
			name = "Supporting Files";
			sourceTree = "<group>";
		};
		5C9ACE3F195BB8C7009E1277 /* 3DModel */ = {
			isa = PBXGroup;
			children = (
				5C6CC4B9195C00DF00665EA0 /* bird.dae */,
			);
			name = 3DModel;
			sourceTree = "<group>";
		};
		5CFCB0C61959B5D0002C883E /* iPad */ = {
			isa = PBXGroup;
			children = (
			);
			name = iPad;
			sourceTree = "<group>";
		};
/* End PBXGroup section */

/* Begin PBXNativeTarget section */
		5C993C43195653980093F73B /* TappyFreak3D */ = {
			isa = PBXNativeTarget;
			buildConfigurationList = 5C993C60195653990093F73B /* Build configuration list for PBXNativeTarget "TappyFreak3D" */;
			buildPhases = (
				5C993C40195653980093F73B /* Sources */,
				5C993C41195653980093F73B /* Frameworks */,
				5C993C42195653980093F73B /* Resources */,
			);
			buildRules = (
			);
			dependencies = (
			);
			name = TappyFreak3D;
			productName = TappyBird3D;
			productReference = 5C993C44195653980093F73B /* TappyFreak3D.app */;
			productType = "com.apple.product-type.application";
		};
		5C993C55195653990093F73B /* TappyFreak3DTests */ = {
			isa = PBXNativeTarget;
			buildConfigurationList = 5C993C63195653990093F73B /* Build configuration list for PBXNativeTarget "TappyFreak3DTests" */;
			buildPhases = (
				5C993C52195653990093F73B /* Sources */,
				5C993C53195653990093F73B /* Frameworks */,
				5C993C54195653990093F73B /* Resources */,
			);
			buildRules = (
			);
			dependencies = (
				5C993C58195653990093F73B /* PBXTargetDependency */,
			);
			name = TappyFreak3DTests;
			productName = TappyBird3DTests;
			productReference = 5C993C56195653990093F73B /* TappyFreak3DTests.xctest */;
			productType = "com.apple.product-type.bundle.unit-test";
		};
/* End PBXNativeTarget section */

/* Begin PBXProject section */
		5C993C3C195653980093F73B /* Project object */ = {
			isa = PBXProject;
			attributes = {
				LastUpgradeCheck = 0600;
				ORGANIZATIONNAME = "比留間 和也";
				TargetAttributes = {
					5C993C43195653980093F73B = {
						CreatedOnToolsVersion = 6.0;
					};
					5C993C55195653990093F73B = {
						CreatedOnToolsVersion = 6.0;
						TestTargetID = 5C993C43195653980093F73B;
					};
				};
			};
			buildConfigurationList = 5C993C3F195653980093F73B /* Build configuration list for PBXProject "TappyFreak3D" */;
			compatibilityVersion = "Xcode 3.2";
			developmentRegion = English;
			hasScannedForEncodings = 0;
			knownRegions = (
				en,
				Base,
			);
			mainGroup = 5C993C3B195653980093F73B;
			productRefGroup = 5C993C45195653980093F73B /* Products */;
			projectDirPath = "";
			projectRoot = "";
			targets = (
				5C993C43195653980093F73B /* TappyFreak3D */,
				5C993C55195653990093F73B /* TappyFreak3DTests */,
			);
		};
/* End PBXProject section */

/* Begin PBXResourcesBuildPhase section */
		5C993C42195653980093F73B /* Resources */ = {
			isa = PBXResourcesBuildPhase;
			buildActionMask = 2147483647;
			files = (
				5C993C4F195653980093F73B /* Main.storyboard in Resources */,
				5C993C51195653980093F73B /* Images.xcassets in Resources */,
				5C05C125195943A200C2A522 /* left.png in Resources */,
				5C05C123195943A200C2A522 /* bottom.png in Resources */,
				5C74E233195B25CA0087DABE /* ground.png in Resources */,
				5C143DDE195FB2BE005C04C9 /* flap1.mp3 in Resources */,
				5C05C124195943A200C2A522 /* front.png in Resources */,
				5C05C127195943A200C2A522 /* top.png in Resources */,
				5C96F6F2195D100600054593 /* LobiRec.bundle in Resources */,
				5C04E3FE195AC070009762FF /* pipo.wav in Resources */,
				5C6CC4BA195C00DF00665EA0 /* bird.dae in Resources */,
				5C143DE0195FB365005C04C9 /* bgm1.mp3 in Resources */,
				5C05C122195943A200C2A522 /* back.png in Resources */,
				5C96F6EE195D0F1A00054593 /* LobiCore.bundle in Resources */,
				5C05C126195943A200C2A522 /* right.png in Resources */,
			);
			runOnlyForDeploymentPostprocessing = 0;
		};
		5C993C54195653990093F73B /* Resources */ = {
			isa = PBXResourcesBuildPhase;
			buildActionMask = 2147483647;
			files = (
			);
			runOnlyForDeploymentPostprocessing = 0;
		};
/* End PBXResourcesBuildPhase section */

/* Begin PBXSourcesBuildPhase section */
		5C993C40195653980093F73B /* Sources */ = {
			isa = PBXSourcesBuildPhase;
			buildActionMask = 2147483647;
			files = (
				5CB9CBDB195736A100E468C9 /* PhysWorldBridge.m in Sources */,
				5C993C4C195653980093F73B /* GameViewController.swift in Sources */,
				5C993C4A195653980093F73B /* AppDelegate.swift in Sources */,
			);
			runOnlyForDeploymentPostprocessing = 0;
		};
		5C993C52195653990093F73B /* Sources */ = {
			isa = PBXSourcesBuildPhase;
			buildActionMask = 2147483647;
			files = (
				5C993C5D195653990093F73B /* TappyBird3DTests.swift in Sources */,
			);
			runOnlyForDeploymentPostprocessing = 0;
		};
/* End PBXSourcesBuildPhase section */

/* Begin PBXTargetDependency section */
		5C993C58195653990093F73B /* PBXTargetDependency */ = {
			isa = PBXTargetDependency;
			target = 5C993C43195653980093F73B /* TappyFreak3D */;
			targetProxy = 5C993C57195653990093F73B /* PBXContainerItemProxy */;
		};
/* End PBXTargetDependency section */

/* Begin PBXVariantGroup section */
		5C993C4D195653980093F73B /* Main.storyboard */ = {
			isa = PBXVariantGroup;
			children = (
				5C993C4E195653980093F73B /* Base */,
			);
			name = Main.storyboard;
			sourceTree = "<group>";
		};
/* End PBXVariantGroup section */

/* Begin XCBuildConfiguration section */
		5C993C5E195653990093F73B /* Debug */ = {
			isa = XCBuildConfiguration;
			buildSettings = {
				ALWAYS_SEARCH_USER_PATHS = NO;
				CLANG_CXX_LANGUAGE_STANDARD = "gnu++0x";
				CLANG_CXX_LIBRARY = "libc++";
				CLANG_ENABLE_MODULES = YES;
				CLANG_ENABLE_OBJC_ARC = YES;
				CLANG_WARN_BOOL_CONVERSION = YES;
				CLANG_WARN_CONSTANT_CONVERSION = YES;
				CLANG_WARN_DIRECT_OBJC_ISA_USAGE = YES_ERROR;
				CLANG_WARN_EMPTY_BODY = YES;
				CLANG_WARN_ENUM_CONVERSION = YES;
				CLANG_WARN_INT_CONVERSION = YES;
				CLANG_WARN_OBJC_ROOT_CLASS = YES_ERROR;
				CLANG_WARN_UNREACHABLE_CODE = YES;
				CLANG_WARN__DUPLICATE_METHOD_MATCH = YES;
				"CODE_SIGN_IDENTITY[sdk=iphoneos*]" = "iPhone Developer";
				COPY_PHASE_STRIP = NO;
				ENABLE_STRICT_OBJC_MSGSEND = YES;
				GCC_C_LANGUAGE_STANDARD = gnu99;
				GCC_DYNAMIC_NO_PIC = NO;
				GCC_OPTIMIZATION_LEVEL = 0;
				GCC_PREPROCESSOR_DEFINITIONS = (
					"DEBUG=1",
					"$(inherited)",
				);
				GCC_SYMBOLS_PRIVATE_EXTERN = NO;
				GCC_WARN_64_TO_32_BIT_CONVERSION = YES;
				GCC_WARN_ABOUT_RETURN_TYPE = YES_ERROR;
				GCC_WARN_UNDECLARED_SELECTOR = YES;
				GCC_WARN_UNINITIALIZED_AUTOS = YES_AGGRESSIVE;
				GCC_WARN_UNUSED_FUNCTION = YES;
				GCC_WARN_UNUSED_VARIABLE = YES;
				IPHONEOS_DEPLOYMENT_TARGET = 8.0;
				METAL_ENABLE_DEBUG_INFO = YES;
				ONLY_ACTIVE_ARCH = YES;
				SDKROOT = iphoneos;
				SWIFT_OPTIMIZATION_LEVEL = "-Onone";
			};
			name = Debug;
		};
		5C993C5F195653990093F73B /* Release */ = {
			isa = XCBuildConfiguration;
			buildSettings = {
				ALWAYS_SEARCH_USER_PATHS = NO;
				CLANG_CXX_LANGUAGE_STANDARD = "gnu++0x";
				CLANG_CXX_LIBRARY = "libc++";
				CLANG_ENABLE_MODULES = YES;
				CLANG_ENABLE_OBJC_ARC = YES;
				CLANG_WARN_BOOL_CONVERSION = YES;
				CLANG_WARN_CONSTANT_CONVERSION = YES;
				CLANG_WARN_DIRECT_OBJC_ISA_USAGE = YES_ERROR;
				CLANG_WARN_EMPTY_BODY = YES;
				CLANG_WARN_ENUM_CONVERSION = YES;
				CLANG_WARN_INT_CONVERSION = YES;
				CLANG_WARN_OBJC_ROOT_CLASS = YES_ERROR;
				CLANG_WARN_UNREACHABLE_CODE = YES;
				CLANG_WARN__DUPLICATE_METHOD_MATCH = YES;
				"CODE_SIGN_IDENTITY[sdk=iphoneos*]" = "iPhone Developer";
				COPY_PHASE_STRIP = YES;
				ENABLE_NS_ASSERTIONS = NO;
				ENABLE_STRICT_OBJC_MSGSEND = YES;
				GCC_C_LANGUAGE_STANDARD = gnu99;
				GCC_WARN_64_TO_32_BIT_CONVERSION = YES;
				GCC_WARN_ABOUT_RETURN_TYPE = YES_ERROR;
				GCC_WARN_UNDECLARED_SELECTOR = YES;
				GCC_WARN_UNINITIALIZED_AUTOS = YES_AGGRESSIVE;
				GCC_WARN_UNUSED_FUNCTION = YES;
				GCC_WARN_UNUSED_VARIABLE = YES;
				IPHONEOS_DEPLOYMENT_TARGET = 8.0;
				METAL_ENABLE_DEBUG_INFO = NO;
				SDKROOT = iphoneos;
				VALIDATE_PRODUCT = YES;
			};
			name = Release;
		};
		5C993C61195653990093F73B /* Debug */ = {
			isa = XCBuildConfiguration;
			buildSettings = {
				ASSETCATALOG_COMPILER_APPICON_NAME = AppIcon;
				ASSETCATALOG_COMPILER_LAUNCHIMAGE_NAME = LaunchImage;
				CLANG_ENABLE_MODULES = YES;
				FRAMEWORK_SEARCH_PATHS = (
					"$(inherited)",
					"$(PROJECT_DIR)/TappyBird3D",
				);
				INFOPLIST_FILE = TappyBird3D/Info.plist;
				IPHONEOS_DEPLOYMENT_TARGET = 8.0;
				LD_RUNPATH_SEARCH_PATHS = "$(inherited) @executable_path/Frameworks";
				OTHER_LDFLAGS = "-ObjC";
				PRODUCT_NAME = TappyFreak3D;
				SWIFT_OBJC_BRIDGING_HEADER = "TappyBird3D/TappyBird3D-Bridging-Header.h";
				SWIFT_OPTIMIZATION_LEVEL = "-Onone";
				TARGETED_DEVICE_FAMILY = "1,2";
			};
			name = Debug;
		};
		5C993C62195653990093F73B /* Release */ = {
			isa = XCBuildConfiguration;
			buildSettings = {
				ASSETCATALOG_COMPILER_APPICON_NAME = AppIcon;
				ASSETCATALOG_COMPILER_LAUNCHIMAGE_NAME = LaunchImage;
				CLANG_ENABLE_MODULES = YES;
				FRAMEWORK_SEARCH_PATHS = (
					"$(inherited)",
					"$(PROJECT_DIR)/TappyBird3D",
				);
				INFOPLIST_FILE = TappyBird3D/Info.plist;
				IPHONEOS_DEPLOYMENT_TARGET = 8.0;
				LD_RUNPATH_SEARCH_PATHS = "$(inherited) @executable_path/Frameworks";
				OTHER_LDFLAGS = "-ObjC";
				PRODUCT_NAME = TappyFreak3D;
				SWIFT_OBJC_BRIDGING_HEADER = "TappyBird3D/TappyBird3D-Bridging-Header.h";
				TARGETED_DEVICE_FAMILY = "1,2";
			};
			name = Release;
		};
		5C993C64195653990093F73B /* Debug */ = {
			isa = XCBuildConfiguration;
			buildSettings = {
				BUNDLE_LOADER = "$(BUILT_PRODUCTS_DIR)/TappyBird3D.app/TappyBird3D";
				FRAMEWORK_SEARCH_PATHS = (
					"$(SDKROOT)/Developer/Library/Frameworks",
					"$(inherited)",
				);
				GCC_PREPROCESSOR_DEFINITIONS = (
					"DEBUG=1",
					"$(inherited)",
				);
				INFOPLIST_FILE = TappyBird3DTests/Info.plist;
				LD_RUNPATH_SEARCH_PATHS = "$(inherited) @executable_path/Frameworks @loader_path/Frameworks";
				METAL_ENABLE_DEBUG_INFO = YES;
				PRODUCT_NAME = TappyFreak3DTests;
				TEST_HOST = "$(BUNDLE_LOADER)";
			};
			name = Debug;
		};
		5C993C65195653990093F73B /* Release */ = {
			isa = XCBuildConfiguration;
			buildSettings = {
				BUNDLE_LOADER = "$(BUILT_PRODUCTS_DIR)/TappyBird3D.app/TappyBird3D";
				FRAMEWORK_SEARCH_PATHS = (
					"$(SDKROOT)/Developer/Library/Frameworks",
					"$(inherited)",
				);
				INFOPLIST_FILE = TappyBird3DTests/Info.plist;
				LD_RUNPATH_SEARCH_PATHS = "$(inherited) @executable_path/Frameworks @loader_path/Frameworks";
				METAL_ENABLE_DEBUG_INFO = NO;
				PRODUCT_NAME = TappyFreak3DTests;
				TEST_HOST = "$(BUNDLE_LOADER)";
			};
			name = Release;
		};
/* End XCBuildConfiguration section */

/* Begin XCConfigurationList section */
		5C993C3F195653980093F73B /* Build configuration list for PBXProject "TappyFreak3D" */ = {
			isa = XCConfigurationList;
			buildConfigurations = (
				5C993C5E195653990093F73B /* Debug */,
				5C993C5F195653990093F73B /* Release */,
			);
			defaultConfigurationIsVisible = 0;
			defaultConfigurationName = Release;
		};
		5C993C60195653990093F73B /* Build configuration list for PBXNativeTarget "TappyFreak3D" */ = {
			isa = XCConfigurationList;
			buildConfigurations = (
				5C993C61195653990093F73B /* Debug */,
				5C993C62195653990093F73B /* Release */,
			);
			defaultConfigurationIsVisible = 0;
			defaultConfigurationName = Release;
		};
		5C993C63195653990093F73B /* Build configuration list for PBXNativeTarget "TappyFreak3DTests" */ = {
			isa = XCConfigurationList;
			buildConfigurations = (
				5C993C64195653990093F73B /* Debug */,
				5C993C65195653990093F73B /* Release */,
			);
			defaultConfigurationIsVisible = 0;
			defaultConfigurationName = Release;
		};
/* End XCConfigurationList section */
	};
	rootObject = 5C993C3C195653980093F73B /* Project object */;
}
